// !$*UTF8*$!
{
	archiveVersion = 1;
	classes = {
	};
	objectVersion = 77;
	objects = {

/* Begin PBXBuildFile section */
		FE33333333333333333333E3 /* VimEngine in Frameworks */ = {isa = PBXBuildFile; productRef = FE22222222222222222222E2 /* VimEngine */; };
/* End PBXBuildFile section */

/* Begin PBXContainerItemProxy section */
		B52D10AE3002939F008FEE9F /* PBXContainerItemProxy */ = {
			isa = PBXContainerItemProxy;
			containerPortal = B52D10983002939E008FEE9F /* Project object */;
			proxyType = 1;
			remoteGlobalIDString = B52D109F3002939E008FEE9F;
			remoteInfo = VimAction;
		};
		B52D10B83002939F008FEE9F /* PBXContainerItemProxy */ = {
			isa = PBXContainerItemProxy;
			containerPortal = B52D10983002939E008FEE9F /* Project object */;
			proxyType = 1;
			remoteGlobalIDString = B52D109F3002939E008FEE9F;
			remoteInfo = VimAction;
		};
/* End PBXContainerItemProxy section */

/* Begin PBXFileReference section */
		B52D10A03002939E008FEE9F /* VimAction.app */ = {isa = PBXFileReference; explicitFileType = wrapper.application; includeInIndex = 0; path = VimAction.app; sourceTree = BUILT_PRODUCTS_DIR; };
		B52D10AD3002939F008FEE9F /* VimActionTests.xctest */ = {isa = PBXFileReference; explicitFileType = wrapper.cfbundle; includeInIndex = 0; path = VimActionTests.xctest; sourceTree = BUILT_PRODUCTS_DIR; };
		B52D10B73002939F008FEE9F /* VimActionUITests.xctest */ = {isa = PBXFileReference; explicitFileType = wrapper.cfbundle; includeInIndex = 0; path = VimActionUITests.xctest; sourceTree = BUILT_PRODUCTS_DIR; };
/* End PBXFileReference section */

/* Begin PBXFileSystemSynchronizedRootGroup section */
		B52D10A23002939E008FEE9F /* VimAction */ = {
			isa = PBXFileSystemSynchronizedRootGroup;
			path = VimAction;
			sourceTree = "<group>";
		};
		B52D10B03002939F008FEE9F /* VimActionTests */ = {
			isa = PBXFileSystemSynchronizedRootGroup;
			path = VimActionTests;
			sourceTree = "<group>";
		};
		B52D10BA3002939F008FEE9F /* VimActionUITests */ = {
			isa = PBXFileSystemSynchronizedRootGroup;
			path = VimActionUITests;
			sourceTree = "<group>";
		};
/* End PBXFileSystemSynchronizedRootGroup section */

/* Begin PBXFrameworksBuildPhase section */
		B52D109D3002939E008FEE9F /* Frameworks */ = {
			isa = PBXFrameworksBuildPhase;
			buildActionMask = 2147483647;
			files = (
				FE33333333333333333333E3 /* VimEngine in Frameworks */,
			);
			runOnlyForDeploymentPostprocessing = 0;
		};
		B52D10AA3002939F008FEE9F /* Frameworks */ = {
			isa = PBXFrameworksBuildPhase;
			buildActionMask = 2147483647;
			files = (
			);
			runOnlyForDeploymentPostprocessing = 0;
		};
		B52D10B43002939F008FEE9F /* Frameworks */ = {
			isa = PBXFrameworksBuildPhase;
			buildActionMask = 2147483647;
			files = (
			);
			runOnlyForDeploymentPostprocessing = 0;
		};
/* End PBXFrameworksBuildPhase section */

/* Begin PBXGroup section */
		B52D10973002939E008FEE9F = {
			isa = PBXGroup;
			children = (
				B52D10A23002939E008FEE9F /* VimAction */,
				B52D10B03002939F008FEE9F /* VimActionTests */,
				B52D10BA3002939F008FEE9F /* VimActionUITests */,
				B52D10A13002939E008FEE9F /* Products */,
			);
			sourceTree = "<group>";
		};
		B52D10A13002939E008FEE9F /* Products */ = {
			isa = PBXGroup;
			children = (
				B52D10A03002939E008FEE9F /* VimAction.app */,
				B52D10AD3002939F008FEE9F /* VimActionTests.xctest */,
				B52D10B73002939F008FEE9F /* VimActionUITests.xctest */,
			);
			name = Products;
			sourceTree = "<group>";
		};
/* End PBXGroup section */

/* Begin PBXNativeTarget section */
		B52D109F3002939E008FEE9F /* VimAction */ = {
			isa = PBXNativeTarget;
			buildConfigurationList = B52D10C13002939F008FEE9F /* Build configuration list for PBXNativeTarget "VimAction" */;
			buildPhases = (
				B52D109C3002939E008FEE9F /* Sources */,
				B52D109D3002939E008FEE9F /* Frameworks */,
				B52D109E3002939E008FEE9F /* Resources */,
			);
			buildRules = (
			);
			dependencies = (
			);
			fileSystemSynchronizedGroups = (
				B52D10A23002939E008FEE9F /* VimAction */,
			);
			name = VimAction;
			packageProductDependencies = (
				FE22222222222222222222E2 /* VimEngine */,
			);
			productName = VimAction;
			productReference = B52D10A03002939E008FEE9F /* VimAction.app */;
			productType = "com.apple.product-type.application";
		};
		B52D10AC3002939F008FEE9F /* VimActionTests */ = {
			isa = PBXNativeTarget;
			buildConfigurationList = B52D10C43002939F008FEE9F /* Build configuration list for PBXNativeTarget "VimActionTests" */;
			buildPhases = (
				B52D10A93002939F008FEE9F /* Sources */,
				B52D10AA3002939F008FEE9F /* Frameworks */,
				B52D10AB3002939F008FEE9F /* Resources */,
			);
			buildRules = (
			);
			dependencies = (
				B52D10AF3002939F008FEE9F /* PBXTargetDependency */,
			);
			fileSystemSynchronizedGroups = (
				B52D10B03002939F008FEE9F /* VimActionTests */,
			);
			name = VimActionTests;
			packageProductDependencies = (
			);
			productName = VimActionTests;
			productReference = B52D10AD3002939F008FEE9F /* VimActionTests.xctest */;
			productType = "com.apple.product-type.bundle.unit-test";
		};
		B52D10B63002939F008FEE9F /* VimActionUITests */ = {
			isa = PBXNativeTarget;
			buildConfigurationList = B52D10C73002939F008FEE9F /* Build configuration list for PBXNativeTarget "VimActionUITests" */;
			buildPhases = (
				B52D10B33002939F008FEE9F /* Sources */,
				B52D10B43002939F008FEE9F /* Frameworks */,
				B52D10B53002939F008FEE9F /* Resources */,
			);
			buildRules = (
			);
			dependencies = (
				B52D10B93002939F008FEE9F /* PBXTargetDependency */,
			);
			fileSystemSynchronizedGroups = (
				B52D10BA3002939F008FEE9F /* VimActionUITests */,
			);
			name = VimActionUITests;
			packageProductDependencies = (
			);
			productName = VimActionUITests;
			productReference = B52D10B73002939F008FEE9F /* VimActionUITests.xctest */;
			productType = "com.apple.product-type.bundle.ui-testing";
		};
/* End PBXNativeTarget section */

/* Begin PBXProject section */
		B52D10983002939E008FEE9F /* Project object */ = {
			isa = PBXProject;
			attributes = {
				BuildIndependentTargetsInParallel = 1;
				LastSwiftUpdateCheck = 2660;
				LastUpgradeCheck = 2660;
				TargetAttributes = {
					B52D109F3002939E008FEE9F = {
						CreatedOnToolsVersion = 26.6;
					};
					B52D10AC3002939F008FEE9F = {
						CreatedOnToolsVersion = 26.6;
						TestTargetID = B52D109F3002939E008FEE9F;
					};
					B52D10B63002939F008FEE9F = {
						CreatedOnToolsVersion = 26.6;
						TestTargetID = B52D109F3002939E008FEE9F;
					};
				};
			};
			buildConfigurationList = B52D109B3002939E008FEE9F /* Build configuration list for PBXProject "VimAction" */;
			developmentRegion = en;
			hasScannedForEncodings = 0;
			knownRegions = (
				en,
				Base,
			);
			mainGroup = B52D10973002939E008FEE9F;
			minimizedProjectReferenceProxies = 1;
			packageReferences = (
				FE11111111111111111111E1 /* XCLocalSwiftPackageReference "Packages/VimActionCore" */,
			);
			preferredProjectObjectVersion = 77;
			productRefGroup = B52D10A13002939E008FEE9F /* Products */;
			projectDirPath = "";
			projectRoot = "";
			targets = (
				B52D109F3002939E008FEE9F /* VimAction */,
				B52D10AC3002939F008FEE9F /* VimActionTests */,
				B52D10B63002939F008FEE9F /* VimActionUITests */,
			);
		};
/* End PBXProject section */

/* Begin PBXResourcesBuildPhase section */
		B52D109E3002939E008FEE9F /* Resources */ = {
			isa = PBXResourcesBuildPhase;
			buildActionMask = 2147483647;
			files = (
			);
			runOnlyForDeploymentPostprocessing = 0;
		};
		B52D10AB3002939F008FEE9F /* Resources */ = {
			isa = PBXResourcesBuildPhase;
			buildActionMask = 2147483647;
			files = (
			);
			runOnlyForDeploymentPostprocessing = 0;
		};
		B52D10B53002939F008FEE9F /* Resources */ = {
			isa = PBXResourcesBuildPhase;
			buildActionMask = 2147483647;
			files = (
			);
			runOnlyForDeploymentPostprocessing = 0;
		};
/* End PBXResourcesBuildPhase section */

/* Begin PBXSourcesBuildPhase section */
		B52D109C3002939E008FEE9F /* Sources */ = {
			isa = PBXSourcesBuildPhase;
			buildActionMask = 2147483647;
			files = (
			);
			runOnlyForDeploymentPostprocessing = 0;
		};
		B52D10A93002939F008FEE9F /* Sources */ = {
			isa = PBXSourcesBuildPhase;
			buildActionMask = 2147483647;
			files = (
			);
			runOnlyForDeploymentPostprocessing = 0;
		};
		B52D10B33002939F008FEE9F /* Sources */ = {
			isa = PBXSourcesBuildPhase;
			buildActionMask = 2147483647;
			files = (
			);
			runOnlyForDeploymentPostprocessing = 0;
		};
/* End PBXSourcesBuildPhase section */

/* Begin PBXTargetDependency section */
		B52D10AF3002939F008FEE9F /* PBXTargetDependency */ = {
			isa = PBXTargetDependency;
			target = B52D109F3002939E008FEE9F /* VimAction */;
			targetProxy = B52D10AE3002939F008FEE9F /* PBXContainerItemProxy */;
		};
		B52D10B93002939F008FEE9F /* PBXTargetDependency */ = {
			isa = PBXTargetDependency;
			target = B52D109F3002939E008FEE9F /* VimAction */;
			targetProxy = B52D10B83002939F008FEE9F /* PBXContainerItemProxy */;
		};
/* End PBXTargetDependency section */

/* Begin XCBuildConfiguration section */
		B52D10BF3002939F008FEE9F /* Debug */ = {
			isa = XCBuildConfiguration;
			buildSettings = {
				ALWAYS_SEARCH_USER_PATHS = NO;
				ASSETCATALOG_COMPILER_GENERATE_SWIFT_ASSET_SYMBOL_EXTENSIONS = YES;
				CLANG_ANALYZER_NONNULL = YES;
				CLANG_ANALYZER_NUMBER_OBJECT_CONVERSION = YES_AGGRESSIVE;
				CLANG_CXX_LANGUAGE_STANDARD = "gnu++20";
				CLANG_ENABLE_MODULES = YES;
				CLANG_ENABLE_OBJC_ARC = YES;
				CLANG_ENABLE_OBJC_WEAK = YES;
				CLANG_WARN_BLOCK_CAPTURE_AUTORELEASING = YES;
				CLANG_WARN_BOOL_CONVERSION = YES;
				CLANG_WARN_COMMA = YES;
				CLANG_WARN_CONSTANT_CONVERSION = YES;
				CLANG_WARN_DEPRECATED_OBJC_IMPLEMENTATIONS = YES;
				CLANG_WARN_DIRECT_OBJC_ISA_USAGE = YES_ERROR;
				CLANG_WARN_DOCUMENTATION_COMMENTS = YES;
				CLANG_WARN_EMPTY_BODY = YES;
				CLANG_WARN_ENUM_CONVERSION = YES;
				CLANG_WARN_INFINITE_RECURSION = YES;
				CLANG_WARN_INT_CONVERSION = YES;
				CLANG_WARN_NON_LITERAL_NULL_CONVERSION = YES;
				CLANG_WARN_OBJC_IMPLICIT_RETAIN_SELF = YES;
				CLANG_WARN_OBJC_LITERAL_CONVERSION = YES;
				CLANG_WARN_OBJC_ROOT_CLASS = YES_ERROR;
				CLANG_WARN_QUOTED_INCLUDE_IN_FRAMEWORK_HEADER = YES;
				CLANG_WARN_RANGE_LOOP_ANALYSIS = YES;
				CLANG_WARN_STRICT_PROTOTYPES = YES;
				CLANG_WARN_SUSPICIOUS_MOVE = YES;
				CLANG_WARN_UNGUARDED_AVAILABILITY = YES_AGGRESSIVE;
				CLANG_WARN_UNREACHABLE_CODE = YES;
				CLANG_WARN__DUPLICATE_METHOD_MATCH = YES;
				COPY_PHASE_STRIP = NO;
				DEBUG_INFORMATION_FORMAT = dwarf;
				ENABLE_STRICT_OBJC_MSGSEND = YES;
				ENABLE_TESTABILITY = YES;
				ENABLE_USER_SCRIPT_SANDBOXING = YES;
				GCC_C_LANGUAGE_STANDARD = gnu17;
				GCC_DYNAMIC_NO_PIC = NO;
				GCC_NO_COMMON_BLOCKS = YES;
				GCC_OPTIMIZATION_LEVEL = 0;
				GCC_PREPROCESSOR_DEFINITIONS = (
					"DEBUG=1",
					"$(inherited)",
				);
				GCC_WARN_64_TO_32_BIT_CONVERSION = YES;
				GCC_WARN_ABOUT_RETURN_TYPE = YES_ERROR;
				GCC_WARN_UNDECLARED_SELECTOR = YES;
				GCC_WARN_UNINITIALIZED_AUTOS = YES_AGGRESSIVE;
				GCC_WARN_UNUSED_FUNCTION = YES;
				GCC_WARN_UNUSED_VARIABLE = YES;
				LOCALIZATION_PREFERS_STRING_CATALOGS = YES;
				MACOSX_DEPLOYMENT_TARGET = 26.5;
				MTL_ENABLE_DEBUG_INFO = INCLUDE_SOURCE;
				MTL_FAST_MATH = YES;
				ONLY_ACTIVE_ARCH = YES;
				SDKROOT = macosx;
				SWIFT_ACTIVE_COMPILATION_CONDITIONS = "DEBUG $(inherited)";
				SWIFT_OPTIMIZATION_LEVEL = "-Onone";
			};
			name = Debug;
		};
		B52D10C03002939F008FEE9F /* Release */ = {
			isa = XCBuildConfiguration;
			buildSettings = {
				ALWAYS_SEARCH_USER_PATHS = NO;
				ASSETCATALOG_COMPILER_GENERATE_SWIFT_ASSET_SYMBOL_EXTENSIONS = YES;
				CLANG_ANALYZER_NONNULL = YES;
				CLANG_ANALYZER_NUMBER_OBJECT_CONVERSION = YES_AGGRESSIVE;
				CLANG_CXX_LANGUAGE_STANDARD = "gnu++20";
				CLANG_ENABLE_MODULES = YES;
				CLANG_ENABLE_OBJC_ARC = YES;
				CLANG_ENABLE_OBJC_WEAK = YES;
				CLANG_WARN_BLOCK_CAPTURE_AUTORELEASING = YES;
				CLANG_WARN_BOOL_CONVERSION = YES;
				CLANG_WARN_COMMA = YES;
				CLANG_WARN_CONSTANT_CONVERSION = YES;
				CLANG_WARN_DEPRECATED_OBJC_IMPLEMENTATIONS = YES;
				CLANG_WARN_DIRECT_OBJC_ISA_USAGE = YES_ERROR;
				CLANG_WARN_DOCUMENTATION_COMMENTS = YES;
				CLANG_WARN_EMPTY_BODY = YES;
				CLANG_WARN_ENUM_CONVERSION = YES;
				CLANG_WARN_INFINITE_RECURSION = YES;
				CLANG_WARN_INT_CONVERSION = YES;
				CLANG_WARN_NON_LITERAL_NULL_CONVERSION = YES;
				CLANG_WARN_OBJC_IMPLICIT_RETAIN_SELF = YES;
				CLANG_WARN_OBJC_LITERAL_CONVERSION = YES;
				CLANG_WARN_OBJC_ROOT_CLASS = YES_ERROR;
				CLANG_WARN_QUOTED_INCLUDE_IN_FRAMEWORK_HEADER = YES;
				CLANG_WARN_RANGE_LOOP_ANALYSIS = YES;
				CLANG_WARN_STRICT_PROTOTYPES = YES;
				CLANG_WARN_SUSPICIOUS_MOVE = YES;
				CLANG_WARN_UNGUARDED_AVAILABILITY = YES_AGGRESSIVE;
				CLANG_WARN_UNREACHABLE_CODE = YES;
				CLANG_WARN__DUPLICATE_METHOD_MATCH = YES;
				COPY_PHASE_STRIP = NO;
				DEBUG_INFORMATION_FORMAT = "dwarf-with-dsym";
				ENABLE_NS_ASSERTIONS = NO;
				ENABLE_STRICT_OBJC_MSGSEND = YES;
				ENABLE_USER_SCRIPT_SANDBOXING = YES;
				GCC_C_LANGUAGE_STANDARD = gnu17;
				GCC_NO_COMMON_BLOCKS = YES;
				GCC_WARN_64_TO_32_BIT_CONVERSION = YES;
				GCC_WARN_ABOUT_RETURN_TYPE = YES_ERROR;
				GCC_WARN_UNDECLARED_SELECTOR = YES;
				GCC_WARN_UNINITIALIZED_AUTOS = YES_AGGRESSIVE;
				GCC_WARN_UNUSED_FUNCTION = YES;
				GCC_WARN_UNUSED_VARIABLE = YES;
				LOCALIZATION_PREFERS_STRING_CATALOGS = YES;
				MACOSX_DEPLOYMENT_TARGET = 26.5;
				MTL_ENABLE_DEBUG_INFO = NO;
				MTL_FAST_MATH = YES;
				SDKROOT = macosx;
				SWIFT_COMPILATION_MODE = wholemodule;
			};
			name = Release;
		};
		B52D10C23002939F008FEE9F /* Debug */ = {
			isa = XCBuildConfiguration;
			buildSettings = {
				ASSETCATALOG_COMPILER_APPICON_NAME = AppIcon;
				ASSETCATALOG_COMPILER_GLOBAL_ACCENT_COLOR_NAME = AccentColor;
				CODE_SIGN_STYLE = Automatic;
				COMBINE_HIDPI_IMAGES = YES;
				CURRENT_PROJECT_VERSION = 1;
				ENABLE_APP_SANDBOX = YES;
				ENABLE_PREVIEWS = YES;
				ENABLE_USER_SELECTED_FILES = readonly;
				GENERATE_INFOPLIST_FILE = YES;
				INFOPLIST_KEY_NSHumanReadableCopyright = "";
				LD_RUNPATH_SEARCH_PATHS = (
					"$(inherited)",
					"@executable_path/../Frameworks",
				);
				MARKETING_VERSION = 1.0;
				PRODUCT_BUNDLE_IDENTIFIER = dev.pilyang.VimAction;
				PRODUCT_NAME = "$(TARGET_NAME)";
				REGISTER_APP_GROUPS = YES;
				STRING_CATALOG_GENERATE_SYMBOLS = YES;
				SWIFT_APPROACHABLE_CONCURRENCY = YES;
				SWIFT_DEFAULT_ACTOR_ISOLATION = MainActor;
				SWIFT_EMIT_LOC_STRINGS = YES;
				SWIFT_UPCOMING_FEATURE_MEMBER_IMPORT_VISIBILITY = YES;
				SWIFT_VERSION = 5.0;
			};
			name = Debug;
		};
		B52D10C33002939F008FEE9F /* Release */ = {
			isa = XCBuildConfiguration;
			buildSettings = {
				ASSETCATALOG_COMPILER_APPICON_NAME = AppIcon;
				ASSETCATALOG_COMPILER_GLOBAL_ACCENT_COLOR_NAME = AccentColor;
				CODE_SIGN_STYLE = Automatic;
				COMBINE_HIDPI_IMAGES = YES;
				CURRENT_PROJECT_VERSION = 1;
				ENABLE_APP_SANDBOX = YES;
				ENABLE_PREVIEWS = YES;
				ENABLE_USER_SELECTED_FILES = readonly;
				GENERATE_INFOPLIST_FILE = YES;
				INFOPLIST_KEY_NSHumanReadableCopyright = "";
				LD_RUNPATH_SEARCH_PATHS = (
					"$(inherited)",
					"@executable_path/../Frameworks",
				);
				MARKETING_VERSION = 1.0;
				PRODUCT_BUNDLE_IDENTIFIER = dev.pilyang.VimAction;
				PRODUCT_NAME = "$(TARGET_NAME)";
				REGISTER_APP_GROUPS = YES;
				STRING_CATALOG_GENERATE_SYMBOLS = YES;
				SWIFT_APPROACHABLE_CONCURRENCY = YES;
				SWIFT_DEFAULT_ACTOR_ISOLATION = MainActor;
				SWIFT_EMIT_LOC_STRINGS = YES;
				SWIFT_UPCOMING_FEATURE_MEMBER_IMPORT_VISIBILITY = YES;
				SWIFT_VERSION = 5.0;
			};
			name = Release;
		};
		B52D10C53002939F008FEE9F /* Debug */ = {
			isa = XCBuildConfiguration;
			buildSettings = {
				BUNDLE_LOADER = "$(TEST_HOST)";
				CODE_SIGN_STYLE = Automatic;
				CURRENT_PROJECT_VERSION = 1;
				GENERATE_INFOPLIST_FILE = YES;
				MACOSX_DEPLOYMENT_TARGET = 26.5;
				MARKETING_VERSION = 1.0;
				PRODUCT_BUNDLE_IDENTIFIER = dev.pilyang.VimActionTests;
				PRODUCT_NAME = "$(TARGET_NAME)";
				STRING_CATALOG_GENERATE_SYMBOLS = NO;
				SWIFT_APPROACHABLE_CONCURRENCY = YES;
				SWIFT_EMIT_LOC_STRINGS = NO;
				SWIFT_UPCOMING_FEATURE_MEMBER_IMPORT_VISIBILITY = YES;
				SWIFT_VERSION = 5.0;
				TEST_HOST = "$(BUILT_PRODUCTS_DIR)/VimAction.app/$(BUNDLE_EXECUTABLE_FOLDER_PATH)/VimAction";
			};
			name = Debug;
		};
		B52D10C63002939F008FEE9F /* Release */ = {
			isa = XCBuildConfiguration;
			buildSettings = {
				BUNDLE_LOADER = "$(TEST_HOST)";
				CODE_SIGN_STYLE = Automatic;
				CURRENT_PROJECT_VERSION = 1;
				GENERATE_INFOPLIST_FILE = YES;
				MACOSX_DEPLOYMENT_TARGET = 26.5;
				MARKETING_VERSION = 1.0;
				PRODUCT_BUNDLE_IDENTIFIER = dev.pilyang.VimActionTests;
				PRODUCT_NAME = "$(TARGET_NAME)";
				STRING_CATALOG_GENERATE_SYMBOLS = NO;
				SWIFT_APPROACHABLE_CONCURRENCY = YES;
				SWIFT_EMIT_LOC_STRINGS = NO;
				SWIFT_UPCOMING_FEATURE_MEMBER_IMPORT_VISIBILITY = YES;
				SWIFT_VERSION = 5.0;
				TEST_HOST = "$(BUILT_PRODUCTS_DIR)/VimAction.app/$(BUNDLE_EXECUTABLE_FOLDER_PATH)/VimAction";
			};
			name = Release;
		};
		B52D10C83002939F008FEE9F /* Debug */ = {
			isa = XCBuildConfiguration;
			buildSettings = {
				CODE_SIGN_STYLE = Automatic;
				CURRENT_PROJECT_VERSION = 1;
				GENERATE_INFOPLIST_FILE = YES;
				MARKETING_VERSION = 1.0;
				PRODUCT_BUNDLE_IDENTIFIER = dev.pilyang.VimActionUITests;
				PRODUCT_NAME = "$(TARGET_NAME)";
				STRING_CATALOG_GENERATE_SYMBOLS = NO;
				SWIFT_APPROACHABLE_CONCURRENCY = YES;
				SWIFT_EMIT_LOC_STRINGS = NO;
				SWIFT_UPCOMING_FEATURE_MEMBER_IMPORT_VISIBILITY = YES;
				SWIFT_VERSION = 5.0;
				TEST_TARGET_NAME = VimAction;
			};
			name = Debug;
		};
		B52D10C93002939F008FEE9F /* Release */ = {
			isa = XCBuildConfiguration;
			buildSettings = {
				CODE_SIGN_STYLE = Automatic;
				CURRENT_PROJECT_VERSION = 1;
				GENERATE_INFOPLIST_FILE = YES;
				MARKETING_VERSION = 1.0;
				PRODUCT_BUNDLE_IDENTIFIER = dev.pilyang.VimActionUITests;
				PRODUCT_NAME = "$(TARGET_NAME)";
				STRING_CATALOG_GENERATE_SYMBOLS = NO;
				SWIFT_APPROACHABLE_CONCURRENCY = YES;
				SWIFT_EMIT_LOC_STRINGS = NO;
				SWIFT_UPCOMING_FEATURE_MEMBER_IMPORT_VISIBILITY = YES;
				SWIFT_VERSION = 5.0;
				TEST_TARGET_NAME = VimAction;
			};
			name = Release;
		};
/* End XCBuildConfiguration section */

/* Begin XCConfigurationList section */
		B52D109B3002939E008FEE9F /* Build configuration list for PBXProject "VimAction" */ = {
			isa = XCConfigurationList;
			buildConfigurations = (
				B52D10BF3002939F008FEE9F /* Debug */,
				B52D10C03002939F008FEE9F /* Release */,
			);
			defaultConfigurationIsVisible = 0;
			defaultConfigurationName = Release;
		};
		B52D10C13002939F008FEE9F /* Build configuration list for PBXNativeTarget "VimAction" */ = {
			isa = XCConfigurationList;
			buildConfigurations = (
				B52D10C23002939F008FEE9F /* Debug */,
				B52D10C33002939F008FEE9F /* Release */,
			);
			defaultConfigurationIsVisible = 0;
			defaultConfigurationName = Release;
		};
		B52D10C43002939F008FEE9F /* Build configuration list for PBXNativeTarget "VimActionTests" */ = {
			isa = XCConfigurationList;
			buildConfigurations = (
				B52D10C53002939F008FEE9F /* Debug */,
				B52D10C63002939F008FEE9F /* Release */,
			);
			defaultConfigurationIsVisible = 0;
			defaultConfigurationName = Release;
		};
		B52D10C73002939F008FEE9F /* Build configuration list for PBXNativeTarget "VimActionUITests" */ = {
			isa = XCConfigurationList;
			buildConfigurations = (
				B52D10C83002939F008FEE9F /* Debug */,
				B52D10C93002939F008FEE9F /* Release */,
			);
			defaultConfigurationIsVisible = 0;
			defaultConfigurationName = Release;
		};
/* End XCConfigurationList section */

/* Begin XCLocalSwiftPackageReference section */
		FE11111111111111111111E1 /* XCLocalSwiftPackageReference "Packages/VimActionCore" */ = {
			isa = XCLocalSwiftPackageReference;
			relativePath = Packages/VimActionCore;
		};
/* End XCLocalSwiftPackageReference section */

/* Begin XCSwiftPackageProductDependency section */
		FE22222222222222222222E2 /* VimEngine */ = {
			isa = XCSwiftPackageProductDependency;
			productName = VimEngine;
		};
/* End XCSwiftPackageProductDependency section */
	};
	rootObject = B52D10983002939E008FEE9F /* Project object */;
}
